{"cliVersion":"0.16.0","productModuleName":"UnitTestSwiftCourse","sourceFilePaths":[{"path":"\/Users\/rafaelsalazar\/Documents\/Proyectos iOS\/UnitTestSwiftCourse\/UnitTestSwiftCourse\/AppDelegate.swift","hash":"22934d3db4e3cf1512a9a05ba7fcde6c954c5698"},{"path":"\/Users\/rafaelsalazar\/Documents\/Proyectos iOS\/UnitTestSwiftCourse\/UnitTestSwiftCourse\/Mock\/Add.swift","hash":"762799ae11376ae6362b407bed0c1ddf113eca27"},{"path":"\/Users\/rafaelsalazar\/Documents\/Proyectos iOS\/UnitTestSwiftCourse\/UnitTestSwiftCourse\/Mock\/Print.swift","hash":"4eb8b3602cd249815a60d14c0a5de4f11d7aaf4f"},{"path":"\/Users\/rafaelsalazar\/Documents\/Proyectos iOS\/UnitTestSwiftCourse\/UnitTestSwiftCourse\/Mock\/ValidNumber.swift","hash":"2d502cd24c47292fe7eaac48f24d6b3052babb66"},{"path":"\/Users\/rafaelsalazar\/Documents\/Proyectos iOS\/UnitTestSwiftCourse\/UnitTestSwiftCourse\/SceneDelegate.swift","hash":"1f72ce10a08dafe2d508171f145c85e3e4e880bf"},{"path":"\/Users\/rafaelsalazar\/Documents\/Proyectos iOS\/UnitTestSwiftCourse\/UnitTestSwiftCourse\/ViewController.swift","hash":"2732057c17b1811ffcf121d4a180299f8b33cc39"},{"path":"\/Users\/rafaelsalazar\/Documents\/Proyectos iOS\/UnitTestSwiftCourse\/UnitTestSwiftCourse\/XCTest\/Calculator.swift","hash":"a15c7366ec34cb888dfd4c84947b0632deb54cd0"},{"path":"\/Users\/rafaelsalazar\/Documents\/Proyectos iOS\/UnitTestSwiftCourse\/UnitTestSwiftCourse\/XCTest\/StringManager.swift","hash":"f70686c660873e248b4e20b135378d70813417c3"}],"configHash":"caf610be0d77093d2098fbed32201f2f75166744","dependencyPathsHash":"a48a5b5f6a36c33bcefb2d80e2fc3f7beb8d5cf4","targetPathsHash":"be1f34bfadae87b4b677415976d6d37df63fafa5","mockedTypesHash":"9b91b80cfec9137f6dcad20d074aa3adeade5380","outputHash":"edd2a623c889700bcffe59ea73b0f4d73730f11b","dependencies":[],"sourceRoot":"\/Users\/rafaelsalazar\/Documents\/Proyectos iOS\/UnitTestSwiftCourse","supportingFilePaths":[{"path":"\/Users\/rafaelsalazar\/Documents\/Proyectos iOS\/UnitTestSwiftCourse\/MockingbirdSupport\/AppKit\/NSResponder.swift","hash":"21296949c6d570892c8665a450e62c234c938790"},{"path":"\/Users\/rafaelsalazar\/Documents\/Proyectos iOS\/UnitTestSwiftCourse\/MockingbirdSupport\/AppKit\/NSView.swift","hash":"85b3183be144012a7e105e292426c3d9f8966072"},{"path":"\/Users\/rafaelsalazar\/Documents\/Proyectos iOS\/UnitTestSwiftCourse\/MockingbirdSupport\/AppKit\/NSViewController.swift","hash":"d8785e8a119f2723c8840534df0ad8ac61409797"},{"path":"\/Users\/rafaelsalazar\/Documents\/Proyectos iOS\/UnitTestSwiftCourse\/MockingbirdSupport\/Foundation\/ObjectiveC\/NSObject.swift","hash":"cf466772b8c2d80d31f34b93b501b398fbb8854d"},{"path":"\/Users\/rafaelsalazar\/Documents\/Proyectos iOS\/UnitTestSwiftCourse\/MockingbirdSupport\/Foundation\/ObjectiveC\/NSObject.swift","hash":"cf466772b8c2d80d31f34b93b501b398fbb8854d"},{"path":"\/Users\/rafaelsalazar\/Documents\/Proyectos iOS\/UnitTestSwiftCourse\/MockingbirdSupport\/Swift\/Codable.swift","hash":"57675d8b36a2db7b093b3542bd3225a88992c3bc"},{"path":"\/Users\/rafaelsalazar\/Documents\/Proyectos iOS\/UnitTestSwiftCourse\/MockingbirdSupport\/Swift\/Comparable.swift","hash":"d0d110744eeaf2f8fdd2f8a41df3452f35286bb7"},{"path":"\/Users\/rafaelsalazar\/Documents\/Proyectos iOS\/UnitTestSwiftCourse\/MockingbirdSupport\/Swift\/Equatable.swift","hash":"2e7674f4e23a5ab7aef45b91b63c0ed5934c3b83"},{"path":"\/Users\/rafaelsalazar\/Documents\/Proyectos iOS\/UnitTestSwiftCourse\/MockingbirdSupport\/Swift\/Hashable.swift","hash":"f59ec249aa03e312f2bda7c3b397c0dccd880a21"},{"path":"\/Users\/rafaelsalazar\/Documents\/Proyectos iOS\/UnitTestSwiftCourse\/MockingbirdSupport\/Swift\/Misc.swift","hash":"c139249ec5799f1ec64c3d9e7d8c1f286b894035"},{"path":"\/Users\/rafaelsalazar\/Documents\/Proyectos iOS\/UnitTestSwiftCourse\/MockingbirdSupport\/UIKit\/UIControl.swift","hash":"9363a4c38002598dbbc1198f16fe7198b8151d24"},{"path":"\/Users\/rafaelsalazar\/Documents\/Proyectos iOS\/UnitTestSwiftCourse\/MockingbirdSupport\/UIKit\/UILabel.swift","hash":"e26a734695bfe008598ed0d8c936683db78f40ac"},{"path":"\/Users\/rafaelsalazar\/Documents\/Proyectos iOS\/UnitTestSwiftCourse\/MockingbirdSupport\/UIKit\/UIView.swift","hash":"10e6b03a9c5a76f720c17fcb82af82ff66994926"},{"path":"\/Users\/rafaelsalazar\/Documents\/Proyectos iOS\/UnitTestSwiftCourse\/MockingbirdSupport\/UIKit\/UIViewController.swift","hash":"bbd8980a22029f339b0e8746124fd06d94730570"}],"name":"UnitTestSwiftCourse","projectHash":"2b280b1067ab2eef4faa09e4cdd1aeb5c69cbda1"}