{"projectHash":"2b280b1067ab2eef4faa09e4cdd1aeb5c69cbda1","productModuleName":"UnitTestSwiftCourseTests","mockedTypeNames":["\/Users\/rafaelsalazar\/Documents\/Proyectos iOS\/UnitTestSwiftCourse\/UnitTestSwiftCourseTests\/XCTest\/CalculatorTest.swift",[],"\/Users\/rafaelsalazar\/Documents\/Proyectos iOS\/UnitTestSwiftCourse\/UnitTestSwiftCourseTests\/Mock\/AddTest.swift",["Print","ValidNumber"],"\/Users\/rafaelsalazar\/Documents\/Proyectos iOS\/UnitTestSwiftCourse\/UnitTestSwiftCourseTests\/Mock\/ValidNumberTest.swift",[],"\/Users\/rafaelsalazar\/Documents\/Proyectos iOS\/UnitTestSwiftCourse\/UnitTestSwiftCourseTests\/XCTest\/StringManagerTest.swift",[],"\/Users\/rafaelsalazar\/Documents\/Proyectos iOS\/UnitTestSwiftCourse\/UnitTestSwiftCourseTests\/UnitTestSwiftCourseTests.swift",[]],"cliVersion":"0.16.0","configHash":"caf610be0d77093d2098fbed32201f2f75166744","sourceRoot":"\/Users\/rafaelsalazar\/Documents\/Proyectos iOS\/UnitTestSwiftCourse","sourceFilePaths":[{"path":"\/Users\/rafaelsalazar\/Documents\/Proyectos iOS\/UnitTestSwiftCourse\/MockingbirdMocks\/UnitTestSwiftCourseTests-UnitTestSwiftCourseMocks.generated.swift","hash":"edd2a623c889700bcffe59ea73b0f4d73730f11b"},{"path":"\/Users\/rafaelsalazar\/Documents\/Proyectos iOS\/UnitTestSwiftCourse\/UnitTestSwiftCourseTests\/Mock\/AddTest.swift","hash":"2f83cecc414b1aa94e9003f2cc6d2add332478b4"},{"path":"\/Users\/rafaelsalazar\/Documents\/Proyectos iOS\/UnitTestSwiftCourse\/UnitTestSwiftCourseTests\/Mock\/ValidNumberTest.swift","hash":"6548be3b4ab1dee0daa010ab028587903614de01"},{"path":"\/Users\/rafaelsalazar\/Documents\/Proyectos iOS\/UnitTestSwiftCourse\/UnitTestSwiftCourseTests\/UnitTestSwiftCourseTests.swift","hash":"49b98afadd9263767bb7154b9ece5f739a310e3c"},{"path":"\/Users\/rafaelsalazar\/Documents\/Proyectos iOS\/UnitTestSwiftCourse\/UnitTestSwiftCourseTests\/XCTest\/CalculatorTest.swift","hash":"f341d700ea67e4d078314a4a16e2f35d68434878"},{"path":"\/Users\/rafaelsalazar\/Documents\/Proyectos iOS\/UnitTestSwiftCourse\/UnitTestSwiftCourseTests\/XCTest\/StringManagerTest.swift","hash":"7faa8f449e3cdeebc89b16f198dec4eb1dc7e29f"}],"dependencies":[],"name":"UnitTestSwiftCourseTests"}